// !$*UTF8*$!
{
	archiveVersion = 1;
	classes = {
	};
	objectVersion = 46;
	objects = {

/* Begin PBXBuildFile section */
		98A5BBE61F68DC9F00E03CEE /* AppDelegate.swift in Sources */ = {isa = PBXBuildFile; fileRef = 98A5BBE51F68DC9F00E03CEE /* AppDelegate.swift */; };
		98A5BBE81F68DC9F00E03CEE /* ViewController.swift in Sources */ = {isa = PBXBuildFile; fileRef = 98A5BBE71F68DC9F00E03CEE /* ViewController.swift */; };
		98A5BBEB1F68DC9F00E03CEE /* Main.storyboard in Resources */ = {isa = PBXBuildFile; fileRef = 98A5BBE91F68DC9F00E03CEE /* Main.storyboard */; };
		98A5BBED1F68DC9F00E03CEE /* Assets.xcassets in Resources */ = {isa = PBXBuildFile; fileRef = 98A5BBEC1F68DC9F00E03CEE /* Assets.xcassets */; };
		98A5BBF01F68DC9F00E03CEE /* LaunchScreen.storyboard in Resources */ = {isa = PBXBuildFile; fileRef = 98A5BBEE1F68DC9F00E03CEE /* LaunchScreen.storyboard */; };
		98A5BBF81F68E07900E03CEE /* SimpleSound.swift in Sources */ = {isa = PBXBuildFile; fileRef = 98A5BBF71F68E07900E03CEE /* SimpleSound.swift */; };
		98A5BBFC1F68E26200E03CEE /* meow.m4a in Resources */ = {isa = PBXBuildFile; fileRef = 98A5BBF91F68E0A200E03CEE /* meow.m4a */; };
		98A5BBFD1F68E26E00E03CEE /* moo.m4a in Resources */ = {isa = PBXBuildFile; fileRef = 98A5BBFA1F68E0A200E03CEE /* moo.m4a */; };
		98A5BBFE1F68E27B00E03CEE /* woof.m4a in Resources */ = {isa = PBXBuildFile; fileRef = 98A5BBFB1F68E0A200E03CEE /* woof.m4a */; };
/* End PBXBuildFile section */

/* Begin PBXFileReference section */
		98A5BBE21F68DC9F00E03CEE /* AnimalSounds.app */ = {isa = PBXFileReference; explicitFileType = wrapper.application; includeInIndex = 0; path = AnimalSounds.app; sourceTree = BUILT_PRODUCTS_DIR; };
		98A5BBE51F68DC9F00E03CEE /* AppDelegate.swift */ = {isa = PBXFileReference; lastKnownFileType = sourcecode.swift; path = AppDelegate.swift; sourceTree = "<group>"; };
		98A5BBE71F68DC9F00E03CEE /* ViewController.swift */ = {isa = PBXFileReference; lastKnownFileType = sourcecode.swift; path = ViewController.swift; sourceTree = "<group>"; };
		98A5BBEA1F68DC9F00E03CEE /* Base */ = {isa = PBXFileReference; lastKnownFileType = file.storyboard; name = Base; path = Base.lproj/Main.storyboard; sourceTree = "<group>"; };
		98A5BBEC1F68DC9F00E03CEE /* Assets.xcassets */ = {isa = PBXFileReference; lastKnownFileType = folder.assetcatalog; path = Assets.xcassets; sourceTree = "<group>"; };
		98A5BBEF1F68DC9F00E03CEE /* Base */ = {isa = PBXFileReference; lastKnownFileType = file.storyboard; name = Base; path = Base.lproj/LaunchScreen.storyboard; sourceTree = "<group>"; };
		98A5BBF11F68DC9F00E03CEE /* Info.plist */ = {isa = PBXFileReference; lastKnownFileType = text.plist.xml; path = Info.plist; sourceTree = "<group>"; };
		98A5BBF71F68E07900E03CEE /* SimpleSound.swift */ = {isa = PBXFileReference; fileEncoding = 4; lastKnownFileType = sourcecode.swift; path = SimpleSound.swift; sourceTree = "<group>"; };
		98A5BBF91F68E0A200E03CEE /* meow.m4a */ = {isa = PBXFileReference; lastKnownFileType = file; path = meow.m4a; sourceTree = "<group>"; };
		98A5BBFA1F68E0A200E03CEE /* moo.m4a */ = {isa = PBXFileReference; lastKnownFileType = file; path = moo.m4a; sourceTree = "<group>"; };
		98A5BBFB1F68E0A200E03CEE /* woof.m4a */ = {isa = PBXFileReference; lastKnownFileType = file; path = woof.m4a; sourceTree = "<group>"; };
/* End PBXFileReference section */

/* Begin PBXFrameworksBuildPhase section */
		98A5BBDF1F68DC9F00E03CEE /* Frameworks */ = {
			isa = PBXFrameworksBuildPhase;
			buildActionMask = 2147483647;
			files = (
			);
			runOnlyForDeploymentPostprocessing = 0;
		};
/* End PBXFrameworksBuildPhase section */

/* Begin PBXGroup section */
		98A5BBD91F68DC9F00E03CEE = {
			isa = PBXGroup;
			children = (
				98A5BBE41F68DC9F00E03CEE /* AnimalSounds */,
				98A5BBE31F68DC9F00E03CEE /* Products */,
			);
			sourceTree = "<group>";
		};
		98A5BBE31F68DC9F00E03CEE /* Products */ = {
			isa = PBXGroup;
			children = (
				98A5BBE21F68DC9F00E03CEE /* AnimalSounds.app */,
			);
			name = Products;
			sourceTree = "<group>";
		};
		98A5BBE41F68DC9F00E03CEE /* AnimalSounds */ = {
			isa = PBXGroup;
			children = (
				98A5BBF71F68E07900E03CEE /* SimpleSound.swift */,
				98A5BBF91F68E0A200E03CEE /* meow.m4a */,
				98A5BBFA1F68E0A200E03CEE /* moo.m4a */,
				98A5BBFB1F68E0A200E03CEE /* woof.m4a */,
				98A5BBE51F68DC9F00E03CEE /* AppDelegate.swift */,
				98A5BBE71F68DC9F00E03CEE /* ViewController.swift */,
				98A5BBE91F68DC9F00E03CEE /* Main.storyboard */,
				98A5BBEC1F68DC9F00E03CEE /* Assets.xcassets */,
				98A5BBEE1F68DC9F00E03CEE /* LaunchScreen.storyboard */,
				98A5BBF11F68DC9F00E03CEE /* Info.plist */,
			);
			path = AnimalSounds;
			sourceTree = "<group>";
		};
/* End PBXGroup section */

/* Begin PBXNativeTarget section */
		98A5BBE11F68DC9F00E03CEE /* AnimalSounds */ = {
			isa = PBXNativeTarget;
			buildConfigurationList = 98A5BBF41F68DC9F00E03CEE /* Build configuration list for PBXNativeTarget "AnimalSounds" */;
			buildPhases = (
				98A5BBDE1F68DC9F00E03CEE /* Sources */,
				98A5BBDF1F68DC9F00E03CEE /* Frameworks */,
				98A5BBE01F68DC9F00E03CEE /* Resources */,
			);
			buildRules = (
			);
			dependencies = (
			);
			name = AnimalSounds;
			productName = AnimalSounds;
			productReference = 98A5BBE21F68DC9F00E03CEE /* AnimalSounds.app */;
			productType = "com.apple.product-type.application";
		};
/* End PBXNativeTarget section */

/* Begin PBXProject section */
		98A5BBDA1F68DC9F00E03CEE /* Project object */ = {
			isa = PBXProject;
			attributes = {
				LastSwiftUpdateCheck = 0830;
				LastUpgradeCheck = 0830;
				ORGANIZATIONNAME = iBrent;
				TargetAttributes = {
					98A5BBE11F68DC9F00E03CEE = {
						CreatedOnToolsVersion = 8.3.3;
						ProvisioningStyle = Automatic;
					};
				};
			};
			buildConfigurationList = 98A5BBDD1F68DC9F00E03CEE /* Build configuration list for PBXProject "AnimalSounds" */;
			compatibilityVersion = "Xcode 3.2";
			developmentRegion = English;
			hasScannedForEncodings = 0;
			knownRegions = (
				en,
				Base,
			);
			mainGroup = 98A5BBD91F68DC9F00E03CEE;
			productRefGroup = 98A5BBE31F68DC9F00E03CEE /* Products */;
			projectDirPath = "";
			projectRoot = "";
			targets = (
				98A5BBE11F68DC9F00E03CEE /* AnimalSounds */,
			);
		};
/* End PBXProject section */

/* Begin PBXResourcesBuildPhase section */
		98A5BBE01F68DC9F00E03CEE /* Resources */ = {
			isa = PBXResourcesBuildPhase;
			buildActionMask = 2147483647;
			files = (
				98A5BBFC1F68E26200E03CEE /* meow.m4a in Resources */,
				98A5BBFE1F68E27B00E03CEE /* woof.m4a in Resources */,
				98A5BBFD1F68E26E00E03CEE /* moo.m4a in Resources */,
				98A5BBF01F68DC9F00E03CEE /* LaunchScreen.storyboard in Resources */,
				98A5BBED1F68DC9F00E03CEE /* Assets.xcassets in Resources */,
				98A5BBEB1F68DC9F00E03CEE /* Main.storyboard in Resources */,
			);
			runOnlyForDeploymentPostprocessing = 0;
		};
/* End PBXResourcesBuildPhase section */

/* Begin PBXSourcesBuildPhase section */
		98A5BBDE1F68DC9F00E03CEE /* Sources */ = {
			isa = PBXSourcesBuildPhase;
			buildActionMask = 2147483647;
			files = (
				98A5BBF81F68E07900E03CEE /* SimpleSound.swift in Sources */,
				98A5BBE81F68DC9F00E03CEE /* ViewController.swift in Sources */,
				98A5BBE61F68DC9F00E03CEE /* AppDelegate.swift in Sources */,
			);
			runOnlyForDeploymentPostprocessing = 0;
		};
/* End PBXSourcesBuildPhase section */

/* Begin PBXVariantGroup section */
		98A5BBE91F68DC9F00E03CEE /* Main.storyboard */ = {
			isa = PBXVariantGroup;
			children = (
				98A5BBEA1F68DC9F00E03CEE /* Base */,
			);
			name = Main.storyboard;
			sourceTree = "<group>";
		};
		98A5BBEE1F68DC9F00E03CEE /* LaunchScreen.storyboard */ = {
			isa = PBXVariantGroup;
			children = (
				98A5BBEF1F68DC9F00E03CEE /* Base */,
			);
			name = LaunchScreen.storyboard;
			sourceTree = "<group>";
		};
/* End PBXVariantGroup section */

/* Begin XCBuildConfiguration section */
		98A5BBF21F68DC9F00E03CEE /* Debug */ = {
			isa = XCBuildConfiguration;
			buildSettings = {
				ALWAYS_SEARCH_USER_PATHS = NO;
				CLANG_ANALYZER_NONNULL = YES;
				CLANG_ANALYZER_NUMBER_OBJECT_CONVERSION = YES_AGGRESSIVE;
				CLANG_CXX_LANGUAGE_STANDARD = "gnu++0x";
				CLANG_CXX_LIBRARY = "libc++";
				CLANG_ENABLE_MODULES = YES;
				CLANG_ENABLE_OBJC_ARC = YES;
				CLANG_WARN_BOOL_CONVERSION = YES;
				CLANG_WARN_CONSTANT_CONVERSION = YES;
				CLANG_WARN_DIRECT_OBJC_ISA_USAGE = YES_ERROR;
				CLANG_WARN_DOCUMENTATION_COMMENTS = YES;
				CLANG_WARN_EMPTY_BODY = YES;
				CLANG_WARN_ENUM_CONVERSION = YES;
				CLANG_WARN_INFINITE_RECURSION = YES;
				CLANG_WARN_INT_CONVERSION = YES;
				CLANG_WARN_OBJC_ROOT_CLASS = YES_ERROR;
				CLANG_WARN_SUSPICIOUS_MOVE = YES;
				CLANG_WARN_UNREACHABLE_CODE = YES;
				CLANG_WARN__DUPLICATE_METHOD_MATCH = YES;
				"CODE_SIGN_IDENTITY[sdk=iphoneos*]" = "iPhone Developer";
				COPY_PHASE_STRIP = NO;
				DEBUG_INFORMATION_FORMAT = dwarf;
				ENABLE_STRICT_OBJC_MSGSEND = YES;
				ENABLE_TESTABILITY = YES;
				GCC_C_LANGUAGE_STANDARD = gnu99;
				GCC_DYNAMIC_NO_PIC = NO;
				GCC_NO_COMMON_BLOCKS = YES;
				GCC_OPTIMIZATION_LEVEL = 0;
				GCC_PREPROCESSOR_DEFINITIONS = (
					"DEBUG=1",
					"$(inherited)",
				);
				GCC_WARN_64_TO_32_BIT_CONVERSION = YES;
				GCC_WARN_ABOUT_RETURN_TYPE = YES_ERROR;
				GCC_WARN_UNDECLARED_SELECTOR = YES;
				GCC_WARN_UNINITIALIZED_AUTOS = YES_AGGRESSIVE;
				GCC_WARN_UNUSED_FUNCTION = YES;
				GCC_WARN_UNUSED_VARIABLE = YES;
				IPHONEOS_DEPLOYMENT_TARGET = 10.3;
				MTL_ENABLE_DEBUG_INFO = YES;
				ONLY_ACTIVE_ARCH = YES;
				SDKROOT = iphoneos;
				SWIFT_ACTIVE_COMPILATION_CONDITIONS = DEBUG;
				SWIFT_OPTIMIZATION_LEVEL = "-Onone";
				TARGETED_DEVICE_FAMILY = "1,2";
			};
			name = Debug;
		};
		98A5BBF31F68DC9F00E03CEE /* Release */ = {
			isa = XCBuildConfiguration;
			buildSettings = {
				ALWAYS_SEARCH_USER_PATHS = NO;
				CLANG_ANALYZER_NONNULL = YES;
				CLANG_ANALYZER_NUMBER_OBJECT_CONVERSION = YES_AGGRESSIVE;
				CLANG_CXX_LANGUAGE_STANDARD = "gnu++0x";
				CLANG_CXX_LIBRARY = "libc++";
				CLANG_ENABLE_MODULES = YES;
				CLANG_ENABLE_OBJC_ARC = YES;
				CLANG_WARN_BOOL_CONVERSION = YES;
				CLANG_WARN_CONSTANT_CONVERSION = YES;
				CLANG_WARN_DIRECT_OBJC_ISA_USAGE = YES_ERROR;
				CLANG_WARN_DOCUMENTATION_COMMENTS = YES;
				CLANG_WARN_EMPTY_BODY = YES;
				CLANG_WARN_ENUM_CONVERSION = YES;
				CLANG_WARN_INFINITE_RECURSION = YES;
				CLANG_WARN_INT_CONVERSION = YES;
				CLANG_WARN_OBJC_ROOT_CLASS = YES_ERROR;
				CLANG_WARN_SUSPICIOUS_MOVE = YES;
				CLANG_WARN_UNREACHABLE_CODE = YES;
				CLANG_WARN__DUPLICATE_METHOD_MATCH = YES;
				"CODE_SIGN_IDENTITY[sdk=iphoneos*]" = "iPhone Developer";
				COPY_PHASE_STRIP = NO;
				DEBUG_INFORMATION_FORMAT = "dwarf-with-dsym";
				ENABLE_NS_ASSERTIONS = NO;
				ENABLE_STRICT_OBJC_MSGSEND = YES;
				GCC_C_LANGUAGE_STANDARD = gnu99;
				GCC_NO_COMMON_BLOCKS = YES;
				GCC_WARN_64_TO_32_BIT_CONVERSION = YES;
				GCC_WARN_ABOUT_RETURN_TYPE = YES_ERROR;
				GCC_WARN_UNDECLARED_SELECTOR = YES;
				GCC_WARN_UNINITIALIZED_AUTOS = YES_AGGRESSIVE;
				GCC_WARN_UNUSED_FUNCTION = YES;
				GCC_WARN_UNUSED_VARIABLE = YES;
				IPHONEOS_DEPLOYMENT_TARGET = 10.3;
				MTL_ENABLE_DEBUG_INFO = NO;
				SDKROOT = iphoneos;
				SWIFT_OPTIMIZATION_LEVEL = "-Owholemodule";
				TARGETED_DEVICE_FAMILY = "1,2";
				VALIDATE_PRODUCT = YES;
			};
			name = Release;
		};
		98A5BBF51F68DC9F00E03CEE /* Debug */ = {
			isa = XCBuildConfiguration;
			buildSettings = {
				ASSETCATALOG_COMPILER_APPICON_NAME = AppIcon;
				INFOPLIST_FILE = AnimalSounds/Info.plist;
				LD_RUNPATH_SEARCH_PATHS = "$(inherited) @executable_path/Frameworks";
				PRODUCT_BUNDLE_IDENTIFIER = com.example.AnimalSounds;
				PRODUCT_NAME = "$(TARGET_NAME)";
				SWIFT_VERSION = 3.0;
			};
			name = Debug;
		};
		98A5BBF61F68DC9F00E03CEE /* Release */ = {
			isa = XCBuildConfiguration;
			buildSettings = {
				ASSETCATALOG_COMPILER_APPICON_NAME = AppIcon;
				INFOPLIST_FILE = AnimalSounds/Info.plist;
				LD_RUNPATH_SEARCH_PATHS = "$(inherited) @executable_path/Frameworks";
				PRODUCT_BUNDLE_IDENTIFIER = com.example.AnimalSounds;
				PRODUCT_NAME = "$(TARGET_NAME)";
				SWIFT_VERSION = 3.0;
			};
			name = Release;
		};
/* End XCBuildConfiguration section */

/* Begin XCConfigurationList section */
		98A5BBDD1F68DC9F00E03CEE /* Build configuration list for PBXProject "AnimalSounds" */ = {
			isa = XCConfigurationList;
			buildConfigurations = (
				98A5BBF21F68DC9F00E03CEE /* Debug */,
				98A5BBF31F68DC9F00E03CEE /* Release */,
			);
			defaultConfigurationIsVisible = 0;
			defaultConfigurationName = Release;
		};
		98A5BBF41F68DC9F00E03CEE /* Build configuration list for PBXNativeTarget "AnimalSounds" */ = {
			isa = XCConfigurationList;
			buildConfigurations = (
				98A5BBF51F68DC9F00E03CEE /* Debug */,
				98A5BBF61F68DC9F00E03CEE /* Release */,
			);
			defaultConfigurationIsVisible = 0;
		};
/* End XCConfigurationList section */
	};
	rootObject = 98A5BBDA1F68DC9F00E03CEE /* Project object */;
}
